
Microsoft Visual Studio Solution File, Format Version 12.00
# Visual Studio Version 17
VisualStudioVersion = 17.0.32002.185
MinimumVisualStudioVersion = 10.0.40219.1
Project("{FAE04EC0-301F-11D3-BF4B-00C04F79EFBC}") = "DMUTest", "DMUTest.csproj", "{7BD6E80D-EFB6-481F-B32B-1CE1761404F0}"
EndProject
Global
	GlobalSection(SolutionConfigurationPlatforms) = preSolution
		Debug|Any CPU = Debug|Any CPU
		Release|Any CPU = Release|Any CPU
	EndGlobalSection
	GlobalSection(ProjectConfigurationPlatforms) = postSolution
		{7BD6E80D-EFB6-481F-B32B-1CE1761404F0}.Debug|Any CPU.ActiveCfg = Debug|Any CPU
		{7BD6E80D-EFB6-481F-B32B-1CE1761404F0}.Debug|Any CPU.Build.0 = Debug|Any CPU
		{7BD6E80D-EFB6-481F-B32B-1CE1761404F0}.Release|Any CPU.ActiveCfg = Release|Any CPU
		{7BD6E80D-EFB6-481F-B32B-1CE1761404F0}.Release|Any CPU.Build.0 = Release|Any CPU
	EndGlobalSection
	GlobalSection(SolutionProperties) = preSolution
		HideSolutionNode = FALSE
	EndGlobalSection
	GlobalSection(ExtensibilityGlobals) = postSolution
		SolutionGuid = {18EFA7E0-F6EB-45F7-ADEA-B8C3EC4C1E80}
	EndGlobalSection
EndGlobal
